
Microsoft Visual Studio Solution File, Format Version 12.00
# Visual Studio 15
VisualStudioVersion = 15.0.27703.2035
MinimumVisualStudioVersion = 10.0.40219.1
Project("{FAE04EC0-301F-11D3-BF4B-00C04F79EFBC}") = "FileOperations.FileWatcher", "FileOperations.FileWatcher\FileOperations.FileWatcher.csproj", "{13A9EE5C-FA47-49C0-A3F7-1092CC67B546}"
EndProject
Project("{FAE04EC0-301F-11D3-BF4B-00C04F79EFBC}") = "FileOperations.FileImporter", "FileOperations.FileImporter\FileOperations.FileImporter.csproj", "{2093221D-027F-4216-91DE-499F1F4C0313}"
EndProject
Global
	GlobalSection(SolutionConfigurationPlatforms) = preSolution
		Debug|Any CPU = Debug|Any CPU
		Release|Any CPU = Release|Any CPU
	EndGlobalSection
	GlobalSection(ProjectConfigurationPlatforms) = postSolution
		{13A9EE5C-FA47-49C0-A3F7-1092CC67B546}.Debug|Any CPU.ActiveCfg = Debug|Any CPU
		{13A9EE5C-FA47-49C0-A3F7-1092CC67B546}.Debug|Any CPU.Build.0 = Debug|Any CPU
		{13A9EE5C-FA47-49C0-A3F7-1092CC67B546}.Release|Any CPU.ActiveCfg = Release|Any CPU
		{13A9EE5C-FA47-49C0-A3F7-1092CC67B546}.Release|Any CPU.Build.0 = Release|Any CPU
		{2093221D-027F-4216-91DE-499F1F4C0313}.Debug|Any CPU.ActiveCfg = Debug|Any CPU
		{2093221D-027F-4216-91DE-499F1F4C0313}.Debug|Any CPU.Build.0 = Debug|Any CPU
		{2093221D-027F-4216-91DE-499F1F4C0313}.Release|Any CPU.ActiveCfg = Release|Any CPU
		{2093221D-027F-4216-91DE-499F1F4C0313}.Release|Any CPU.Build.0 = Release|Any CPU
	EndGlobalSection
	GlobalSection(SolutionProperties) = preSolution
		HideSolutionNode = FALSE
	EndGlobalSection
	GlobalSection(ExtensibilityGlobals) = postSolution
		SolutionGuid = {702AA126-11A2-4AF2-B254-2D742B801822}
	EndGlobalSection
EndGlobal
